// !$*UTF8*$!
{
	archiveVersion = 1;
	classes = {
	};
	objectVersion = 77;
	objects = {

/* Begin PBXContainerItemProxy section */
		960562ED2CFBA3EF003A523B /* PBXContainerItemProxy */ = {
			isa = PBXContainerItemProxy;
			containerPortal = 960562D22CFBA3EC003A523B /* Project object */;
			proxyType = 1;
			remoteGlobalIDString = 960562D92CFBA3EC003A523B;
			remoteInfo = Smokejourney;
		};
		960562F72CFBA3EF003A523B /* PBXContainerItemProxy */ = {
			isa = PBXContainerItemProxy;
			containerPortal = 960562D22CFBA3EC003A523B /* Project object */;
			proxyType = 1;
			remoteGlobalIDString = 960562D92CFBA3EC003A523B;
			remoteInfo = Smokejourney;
		};
/* End PBXContainerItemProxy section */

/* Begin PBXFileReference section */
		960562DA2CFBA3EC003A523B /* Smokejourney.app */ = {isa = PBXFileReference; explicitFileType = wrapper.application; includeInIndex = 0; path = Smokejourney.app; sourceTree = BUILT_PRODUCTS_DIR; };
		960562EC2CFBA3EF003A523B /* SmokejourneyTests.xctest */ = {isa = PBXFileReference; explicitFileType = wrapper.cfbundle; includeInIndex = 0; path = SmokejourneyTests.xctest; sourceTree = BUILT_PRODUCTS_DIR; };
		960562F62CFBA3EF003A523B /* SmokejourneyUITests.xctest */ = {isa = PBXFileReference; explicitFileType = wrapper.cfbundle; includeInIndex = 0; path = SmokejourneyUITests.xctest; sourceTree = BUILT_PRODUCTS_DIR; };
/* End PBXFileReference section */

/* Begin PBXFileSystemSynchronizedRootGroup section */
		960562DC2CFBA3EC003A523B /* Smokejourney */ = {
			isa = PBXFileSystemSynchronizedRootGroup;
			path = Smokejourney;
			sourceTree = "<group>";
		};
		960562EF2CFBA3EF003A523B /* SmokejourneyTests */ = {
			isa = PBXFileSystemSynchronizedRootGroup;
			path = SmokejourneyTests;
			sourceTree = "<group>";
		};
		960562F92CFBA3EF003A523B /* SmokejourneyUITests */ = {
			isa = PBXFileSystemSynchronizedRootGroup;
			path = SmokejourneyUITests;
			sourceTree = "<group>";
		};
/* End PBXFileSystemSynchronizedRootGroup section */

/* Begin PBXFrameworksBuildPhase section */
		960562D72CFBA3EC003A523B /* Frameworks */ = {
			isa = PBXFrameworksBuildPhase;
			buildActionMask = 2147483647;
			files = (
			);
			runOnlyForDeploymentPostprocessing = 0;
		};
		960562E92CFBA3EF003A523B /* Frameworks */ = {
			isa = PBXFrameworksBuildPhase;
			buildActionMask = 2147483647;
			files = (
			);
			runOnlyForDeploymentPostprocessing = 0;
		};
		960562F32CFBA3EF003A523B /* Frameworks */ = {
			isa = PBXFrameworksBuildPhase;
			buildActionMask = 2147483647;
			files = (
			);
			runOnlyForDeploymentPostprocessing = 0;
		};
/* End PBXFrameworksBuildPhase section */

/* Begin PBXGroup section */
		960562D12CFBA3EC003A523B = {
			isa = PBXGroup;
			children = (
				960562DC2CFBA3EC003A523B /* Smokejourney */,
				960562EF2CFBA3EF003A523B /* SmokejourneyTests */,
				960562F92CFBA3EF003A523B /* SmokejourneyUITests */,
				960562DB2CFBA3EC003A523B /* Products */,
			);
			sourceTree = "<group>";
		};
		960562DB2CFBA3EC003A523B /* Products */ = {
			isa = PBXGroup;
			children = (
				960562DA2CFBA3EC003A523B /* Smokejourney.app */,
				960562EC2CFBA3EF003A523B /* SmokejourneyTests.xctest */,
				960562F62CFBA3EF003A523B /* SmokejourneyUITests.xctest */,
			);
			name = Products;
			sourceTree = "<group>";
		};
/* End PBXGroup section */

/* Begin PBXNativeTarget section */
		960562D92CFBA3EC003A523B /* Smokejourney */ = {
			isa = PBXNativeTarget;
			buildConfigurationList = 960563002CFBA3EF003A523B /* Build configuration list for PBXNativeTarget "Smokejourney" */;
			buildPhases = (
				960562D62CFBA3EC003A523B /* Sources */,
				960562D72CFBA3EC003A523B /* Frameworks */,
				960562D82CFBA3EC003A523B /* Resources */,
			);
			buildRules = (
			);
			dependencies = (
			);
			fileSystemSynchronizedGroups = (
				960562DC2CFBA3EC003A523B /* Smokejourney */,
			);
			name = Smokejourney;
			packageProductDependencies = (
			);
			productName = Smokejourney;
			productReference = 960562DA2CFBA3EC003A523B /* Smokejourney.app */;
			productType = "com.apple.product-type.application";
		};
		960562EB2CFBA3EF003A523B /* SmokejourneyTests */ = {
			isa = PBXNativeTarget;
			buildConfigurationList = 960563032CFBA3EF003A523B /* Build configuration list for PBXNativeTarget "SmokejourneyTests" */;
			buildPhases = (
				960562E82CFBA3EF003A523B /* Sources */,
				960562E92CFBA3EF003A523B /* Frameworks */,
				960562EA2CFBA3EF003A523B /* Resources */,
			);
			buildRules = (
			);
			dependencies = (
				960562EE2CFBA3EF003A523B /* PBXTargetDependency */,
			);
			fileSystemSynchronizedGroups = (
				960562EF2CFBA3EF003A523B /* SmokejourneyTests */,
			);
			name = SmokejourneyTests;
			packageProductDependencies = (
			);
			productName = SmokejourneyTests;
			productReference = 960562EC2CFBA3EF003A523B /* SmokejourneyTests.xctest */;
			productType = "com.apple.product-type.bundle.unit-test";
		};
		960562F52CFBA3EF003A523B /* SmokejourneyUITests */ = {
			isa = PBXNativeTarget;
			buildConfigurationList = 960563062CFBA3EF003A523B /* Build configuration list for PBXNativeTarget "SmokejourneyUITests" */;
			buildPhases = (
				960562F22CFBA3EF003A523B /* Sources */,
				960562F32CFBA3EF003A523B /* Frameworks */,
				960562F42CFBA3EF003A523B /* Resources */,
			);
			buildRules = (
			);
			dependencies = (
				960562F82CFBA3EF003A523B /* PBXTargetDependency */,
			);
			fileSystemSynchronizedGroups = (
				960562F92CFBA3EF003A523B /* SmokejourneyUITests */,
			);
			name = SmokejourneyUITests;
			packageProductDependencies = (
			);
			productName = SmokejourneyUITests;
			productReference = 960562F62CFBA3EF003A523B /* SmokejourneyUITests.xctest */;
			productType = "com.apple.product-type.bundle.ui-testing";
		};
/* End PBXNativeTarget section */

/* Begin PBXProject section */
		960562D22CFBA3EC003A523B /* Project object */ = {
			isa = PBXProject;
			attributes = {
				BuildIndependentTargetsInParallel = 1;
				LastSwiftUpdateCheck = 1610;
				LastUpgradeCheck = 1610;
				TargetAttributes = {
					960562D92CFBA3EC003A523B = {
						CreatedOnToolsVersion = 16.1;
					};
					960562EB2CFBA3EF003A523B = {
						CreatedOnToolsVersion = 16.1;
						TestTargetID = 960562D92CFBA3EC003A523B;
					};
					960562F52CFBA3EF003A523B = {
						CreatedOnToolsVersion = 16.1;
						TestTargetID = 960562D92CFBA3EC003A523B;
					};
				};
			};
			buildConfigurationList = 960562D52CFBA3EC003A523B /* Build configuration list for PBXProject "Smokejourney" */;
			developmentRegion = en;
			hasScannedForEncodings = 0;
			knownRegions = (
				en,
				Base,
			);
			mainGroup = 960562D12CFBA3EC003A523B;
			minimizedProjectReferenceProxies = 1;
			preferredProjectObjectVersion = 77;
			productRefGroup = 960562DB2CFBA3EC003A523B /* Products */;
			projectDirPath = "";
			projectRoot = "";
			targets = (
				960562D92CFBA3EC003A523B /* Smokejourney */,
				960562EB2CFBA3EF003A523B /* SmokejourneyTests */,
				960562F52CFBA3EF003A523B /* SmokejourneyUITests */,
			);
		};
/* End PBXProject section */

/* Begin PBXResourcesBuildPhase section */
		960562D82CFBA3EC003A523B /* Resources */ = {
			isa = PBXResourcesBuildPhase;
			buildActionMask = 2147483647;
			files = (
			);
			runOnlyForDeploymentPostprocessing = 0;
		};
		960562EA2CFBA3EF003A523B /* Resources */ = {
			isa = PBXResourcesBuildPhase;
			buildActionMask = 2147483647;
			files = (
			);
			runOnlyForDeploymentPostprocessing = 0;
		};
		960562F42CFBA3EF003A523B /* Resources */ = {
			isa = PBXResourcesBuildPhase;
			buildActionMask = 2147483647;
			files = (
			);
			runOnlyForDeploymentPostprocessing = 0;
		};
/* End PBXResourcesBuildPhase section */

/* Begin PBXSourcesBuildPhase section */
		960562D62CFBA3EC003A523B /* Sources */ = {
			isa = PBXSourcesBuildPhase;
			buildActionMask = 2147483647;
			files = (
			);
			runOnlyForDeploymentPostprocessing = 0;
		};
		960562E82CFBA3EF003A523B /* Sources */ = {
			isa = PBXSourcesBuildPhase;
			buildActionMask = 2147483647;
			files = (
			);
			runOnlyForDeploymentPostprocessing = 0;
		};
		960562F22CFBA3EF003A523B /* Sources */ = {
			isa = PBXSourcesBuildPhase;
			buildActionMask = 2147483647;
			files = (
			);
			runOnlyForDeploymentPostprocessing = 0;
		};
/* End PBXSourcesBuildPhase section */

/* Begin PBXTargetDependency section */
		960562EE2CFBA3EF003A523B /* PBXTargetDependency */ = {
			isa = PBXTargetDependency;
			target = 960562D92CFBA3EC003A523B /* Smokejourney */;
			targetProxy = 960562ED2CFBA3EF003A523B /* PBXContainerItemProxy */;
		};
		960562F82CFBA3EF003A523B /* PBXTargetDependency */ = {
			isa = PBXTargetDependency;
			target = 960562D92CFBA3EC003A523B /* Smokejourney */;
			targetProxy = 960562F72CFBA3EF003A523B /* PBXContainerItemProxy */;
		};
/* End PBXTargetDependency section */

/* Begin XCBuildConfiguration section */
		960562FE2CFBA3EF003A523B /* Debug */ = {
			isa = XCBuildConfiguration;
			buildSettings = {
				ALWAYS_SEARCH_USER_PATHS = NO;
				ASSETCATALOG_COMPILER_GENERATE_SWIFT_ASSET_SYMBOL_EXTENSIONS = YES;
				CLANG_ANALYZER_NONNULL = YES;
				CLANG_ANALYZER_NUMBER_OBJECT_CONVERSION = YES_AGGRESSIVE;
				CLANG_CXX_LANGUAGE_STANDARD = "gnu++20";
				CLANG_ENABLE_MODULES = YES;
				CLANG_ENABLE_OBJC_ARC = YES;
				CLANG_ENABLE_OBJC_WEAK = YES;
				CLANG_WARN_BLOCK_CAPTURE_AUTORELEASING = YES;
				CLANG_WARN_BOOL_CONVERSION = YES;
				CLANG_WARN_COMMA = YES;
				CLANG_WARN_CONSTANT_CONVERSION = YES;
				CLANG_WARN_DEPRECATED_OBJC_IMPLEMENTATIONS = YES;
				CLANG_WARN_DIRECT_OBJC_ISA_USAGE = YES_ERROR;
				CLANG_WARN_DOCUMENTATION_COMMENTS = YES;
				CLANG_WARN_EMPTY_BODY = YES;
				CLANG_WARN_ENUM_CONVERSION = YES;
				CLANG_WARN_INFINITE_RECURSION = YES;
				CLANG_WARN_INT_CONVERSION = YES;
				CLANG_WARN_NON_LITERAL_NULL_CONVERSION = YES;
				CLANG_WARN_OBJC_IMPLICIT_RETAIN_SELF = YES;
				CLANG_WARN_OBJC_LITERAL_CONVERSION = YES;
				CLANG_WARN_OBJC_ROOT_CLASS = YES_ERROR;
				CLANG_WARN_QUOTED_INCLUDE_IN_FRAMEWORK_HEADER = YES;
				CLANG_WARN_RANGE_LOOP_ANALYSIS = YES;
				CLANG_WARN_STRICT_PROTOTYPES = YES;
				CLANG_WARN_SUSPICIOUS_MOVE = YES;
				CLANG_WARN_UNGUARDED_AVAILABILITY = YES_AGGRESSIVE;
				CLANG_WARN_UNREACHABLE_CODE = YES;
				CLANG_WARN__DUPLICATE_METHOD_MATCH = YES;
				COPY_PHASE_STRIP = NO;
				DEBUG_INFORMATION_FORMAT = dwarf;
				ENABLE_STRICT_OBJC_MSGSEND = YES;
				ENABLE_TESTABILITY = YES;
				ENABLE_USER_SCRIPT_SANDBOXING = YES;
				GCC_C_LANGUAGE_STANDARD = gnu17;
				GCC_DYNAMIC_NO_PIC = NO;
				GCC_NO_COMMON_BLOCKS = YES;
				GCC_OPTIMIZATION_LEVEL = 0;
				GCC_PREPROCESSOR_DEFINITIONS = (
					"DEBUG=1",
					"$(inherited)",
				);
				GCC_WARN_64_TO_32_BIT_CONVERSION = YES;
				GCC_WARN_ABOUT_RETURN_TYPE = YES_ERROR;
				GCC_WARN_UNDECLARED_SELECTOR = YES;
				GCC_WARN_UNINITIALIZED_AUTOS = YES_AGGRESSIVE;
				GCC_WARN_UNUSED_FUNCTION = YES;
				GCC_WARN_UNUSED_VARIABLE = YES;
				IPHONEOS_DEPLOYMENT_TARGET = 18.1;
				LOCALIZATION_PREFERS_STRING_CATALOGS = YES;
				MTL_ENABLE_DEBUG_INFO = INCLUDE_SOURCE;
				MTL_FAST_MATH = YES;
				ONLY_ACTIVE_ARCH = YES;
				SDKROOT = iphoneos;
				SWIFT_ACTIVE_COMPILATION_CONDITIONS = "DEBUG $(inherited)";
				SWIFT_OPTIMIZATION_LEVEL = "-Onone";
			};
			name = Debug;
		};
		960562FF2CFBA3EF003A523B /* Release */ = {
			isa = XCBuildConfiguration;
			buildSettings = {
				ALWAYS_SEARCH_USER_PATHS = NO;
				ASSETCATALOG_COMPILER_GENERATE_SWIFT_ASSET_SYMBOL_EXTENSIONS = YES;
				CLANG_ANALYZER_NONNULL = YES;
				CLANG_ANALYZER_NUMBER_OBJECT_CONVERSION = YES_AGGRESSIVE;
				CLANG_CXX_LANGUAGE_STANDARD = "gnu++20";
				CLANG_ENABLE_MODULES = YES;
				CLANG_ENABLE_OBJC_ARC = YES;
				CLANG_ENABLE_OBJC_WEAK = YES;
				CLANG_WARN_BLOCK_CAPTURE_AUTORELEASING = YES;
				CLANG_WARN_BOOL_CONVERSION = YES;
				CLANG_WARN_COMMA = YES;
				CLANG_WARN_CONSTANT_CONVERSION = YES;
				CLANG_WARN_DEPRECATED_OBJC_IMPLEMENTATIONS = YES;
				CLANG_WARN_DIRECT_OBJC_ISA_USAGE = YES_ERROR;
				CLANG_WARN_DOCUMENTATION_COMMENTS = YES;
				CLANG_WARN_EMPTY_BODY = YES;
				CLANG_WARN_ENUM_CONVERSION = YES;
				CLANG_WARN_INFINITE_RECURSION = YES;
				CLANG_WARN_INT_CONVERSION = YES;
				CLANG_WARN_NON_LITERAL_NULL_CONVERSION = YES;
				CLANG_WARN_OBJC_IMPLICIT_RETAIN_SELF = YES;
				CLANG_WARN_OBJC_LITERAL_CONVERSION = YES;
				CLANG_WARN_OBJC_ROOT_CLASS = YES_ERROR;
				CLANG_WARN_QUOTED_INCLUDE_IN_FRAMEWORK_HEADER = YES;
				CLANG_WARN_RANGE_LOOP_ANALYSIS = YES;
				CLANG_WARN_STRICT_PROTOTYPES = YES;
				CLANG_WARN_SUSPICIOUS_MOVE = YES;
				CLANG_WARN_UNGUARDED_AVAILABILITY = YES_AGGRESSIVE;
				CLANG_WARN_UNREACHABLE_CODE = YES;
				CLANG_WARN__DUPLICATE_METHOD_MATCH = YES;
				COPY_PHASE_STRIP = NO;
				DEBUG_INFORMATION_FORMAT = "dwarf-with-dsym";
				ENABLE_NS_ASSERTIONS = NO;
				ENABLE_STRICT_OBJC_MSGSEND = YES;
				ENABLE_USER_SCRIPT_SANDBOXING = YES;
				GCC_C_LANGUAGE_STANDARD = gnu17;
				GCC_NO_COMMON_BLOCKS = YES;
				GCC_WARN_64_TO_32_BIT_CONVERSION = YES;
				GCC_WARN_ABOUT_RETURN_TYPE = YES_ERROR;
				GCC_WARN_UNDECLARED_SELECTOR = YES;
				GCC_WARN_UNINITIALIZED_AUTOS = YES_AGGRESSIVE;
				GCC_WARN_UNUSED_FUNCTION = YES;
				GCC_WARN_UNUSED_VARIABLE = YES;
				IPHONEOS_DEPLOYMENT_TARGET = 18.1;
				LOCALIZATION_PREFERS_STRING_CATALOGS = YES;
				MTL_ENABLE_DEBUG_INFO = NO;
				MTL_FAST_MATH = YES;
				SDKROOT = iphoneos;
				SWIFT_COMPILATION_MODE = wholemodule;
				VALIDATE_PRODUCT = YES;
			};
			name = Release;
		};
		960563012CFBA3EF003A523B /* Debug */ = {
			isa = XCBuildConfiguration;
			buildSettings = {
				ASSETCATALOG_COMPILER_APPICON_NAME = AppIcon;
				ASSETCATALOG_COMPILER_GLOBAL_ACCENT_COLOR_NAME = AccentColor;
				CODE_SIGN_STYLE = Automatic;
				CURRENT_PROJECT_VERSION = 1;
				DEVELOPMENT_ASSET_PATHS = "\"Smokejourney/Preview Content\"";
				DEVELOPMENT_TEAM = AU3NB797LP;
				ENABLE_PREVIEWS = YES;
				GENERATE_INFOPLIST_FILE = YES;
				INFOPLIST_KEY_UIApplicationSceneManifest_Generation = YES;
				INFOPLIST_KEY_UIApplicationSupportsIndirectInputEvents = YES;
				INFOPLIST_KEY_UILaunchScreen_Generation = YES;
				INFOPLIST_KEY_UISupportedInterfaceOrientations_iPad = "UIInterfaceOrientationPortrait UIInterfaceOrientationPortraitUpsideDown UIInterfaceOrientationLandscapeLeft UIInterfaceOrientationLandscapeRight";
				INFOPLIST_KEY_UISupportedInterfaceOrientations_iPhone = "UIInterfaceOrientationPortrait UIInterfaceOrientationLandscapeLeft UIInterfaceOrientationLandscapeRight";
				LD_RUNPATH_SEARCH_PATHS = (
					"$(inherited)",
					"@executable_path/Frameworks",
				);
				MARKETING_VERSION = 1.0;
				PRODUCT_BUNDLE_IDENTIFIER = com.buildingblocks.smokejourney.Smokejourney;
				PRODUCT_NAME = "$(TARGET_NAME)";
				SWIFT_EMIT_LOC_STRINGS = YES;
				SWIFT_VERSION = 5.0;
				TARGETED_DEVICE_FAMILY = "1,2";
			};
			name = Debug;
		};
		960563022CFBA3EF003A523B /* Release */ = {
			isa = XCBuildConfiguration;
			buildSettings = {
				ASSETCATALOG_COMPILER_APPICON_NAME = AppIcon;
				ASSETCATALOG_COMPILER_GLOBAL_ACCENT_COLOR_NAME = AccentColor;
				CODE_SIGN_STYLE = Automatic;
				CURRENT_PROJECT_VERSION = 1;
				DEVELOPMENT_ASSET_PATHS = "\"Smokejourney/Preview Content\"";
				DEVELOPMENT_TEAM = AU3NB797LP;
				ENABLE_PREVIEWS = YES;
				GENERATE_INFOPLIST_FILE = YES;
				INFOPLIST_KEY_UIApplicationSceneManifest_Generation = YES;
				INFOPLIST_KEY_UIApplicationSupportsIndirectInputEvents = YES;
				INFOPLIST_KEY_UILaunchScreen_Generation = YES;
				INFOPLIST_KEY_UISupportedInterfaceOrientations_iPad = "UIInterfaceOrientationPortrait UIInterfaceOrientationPortraitUpsideDown UIInterfaceOrientationLandscapeLeft UIInterfaceOrientationLandscapeRight";
				INFOPLIST_KEY_UISupportedInterfaceOrientations_iPhone = "UIInterfaceOrientationPortrait UIInterfaceOrientationLandscapeLeft UIInterfaceOrientationLandscapeRight";
				LD_RUNPATH_SEARCH_PATHS = (
					"$(inherited)",
					"@executable_path/Frameworks",
				);
				MARKETING_VERSION = 1.0;
				PRODUCT_BUNDLE_IDENTIFIER = com.buildingblocks.smokejourney.Smokejourney;
				PRODUCT_NAME = "$(TARGET_NAME)";
				SWIFT_EMIT_LOC_STRINGS = YES;
				SWIFT_VERSION = 5.0;
				TARGETED_DEVICE_FAMILY = "1,2";
			};
			name = Release;
		};
		960563042CFBA3EF003A523B /* Debug */ = {
			isa = XCBuildConfiguration;
			buildSettings = {
				BUNDLE_LOADER = "$(TEST_HOST)";
				CODE_SIGN_STYLE = Automatic;
				CURRENT_PROJECT_VERSION = 1;
				DEVELOPMENT_TEAM = AU3NB797LP;
				GENERATE_INFOPLIST_FILE = YES;
				IPHONEOS_DEPLOYMENT_TARGET = 18.1;
				MARKETING_VERSION = 1.0;
				PRODUCT_BUNDLE_IDENTIFIER = com.buildingblocks.smokejourney.SmokejourneyTests;
				PRODUCT_NAME = "$(TARGET_NAME)";
				SWIFT_EMIT_LOC_STRINGS = NO;
				SWIFT_VERSION = 5.0;
				TARGETED_DEVICE_FAMILY = "1,2";
				TEST_HOST = "$(BUILT_PRODUCTS_DIR)/Smokejourney.app/$(BUNDLE_EXECUTABLE_FOLDER_PATH)/Smokejourney";
			};
			name = Debug;
		};
		960563052CFBA3EF003A523B /* Release */ = {
			isa = XCBuildConfiguration;
			buildSettings = {
				BUNDLE_LOADER = "$(TEST_HOST)";
				CODE_SIGN_STYLE = Automatic;
				CURRENT_PROJECT_VERSION = 1;
				DEVELOPMENT_TEAM = AU3NB797LP;
				GENERATE_INFOPLIST_FILE = YES;
				IPHONEOS_DEPLOYMENT_TARGET = 18.1;
				MARKETING_VERSION = 1.0;
				PRODUCT_BUNDLE_IDENTIFIER = com.buildingblocks.smokejourney.SmokejourneyTests;
				PRODUCT_NAME = "$(TARGET_NAME)";
				SWIFT_EMIT_LOC_STRINGS = NO;
				SWIFT_VERSION = 5.0;
				TARGETED_DEVICE_FAMILY = "1,2";
				TEST_HOST = "$(BUILT_PRODUCTS_DIR)/Smokejourney.app/$(BUNDLE_EXECUTABLE_FOLDER_PATH)/Smokejourney";
			};
			name = Release;
		};
		960563072CFBA3EF003A523B /* Debug */ = {
			isa = XCBuildConfiguration;
			buildSettings = {
				CODE_SIGN_STYLE = Automatic;
				CURRENT_PROJECT_VERSION = 1;
				DEVELOPMENT_TEAM = AU3NB797LP;
				GENERATE_INFOPLIST_FILE = YES;
				MARKETING_VERSION = 1.0;
				PRODUCT_BUNDLE_IDENTIFIER = com.buildingblocks.smokejourney.SmokejourneyUITests;
				PRODUCT_NAME = "$(TARGET_NAME)";
				SWIFT_EMIT_LOC_STRINGS = NO;
				SWIFT_VERSION = 5.0;
				TARGETED_DEVICE_FAMILY = "1,2";
				TEST_TARGET_NAME = Smokejourney;
			};
			name = Debug;
		};
		960563082CFBA3EF003A523B /* Release */ = {
			isa = XCBuildConfiguration;
			buildSettings = {
				CODE_SIGN_STYLE = Automatic;
				CURRENT_PROJECT_VERSION = 1;
				DEVELOPMENT_TEAM = AU3NB797LP;
				GENERATE_INFOPLIST_FILE = YES;
				MARKETING_VERSION = 1.0;
				PRODUCT_BUNDLE_IDENTIFIER = com.buildingblocks.smokejourney.SmokejourneyUITests;
				PRODUCT_NAME = "$(TARGET_NAME)";
				SWIFT_EMIT_LOC_STRINGS = NO;
				SWIFT_VERSION = 5.0;
				TARGETED_DEVICE_FAMILY = "1,2";
				TEST_TARGET_NAME = Smokejourney;
			};
			name = Release;
		};
/* End XCBuildConfiguration section */

/* Begin XCConfigurationList section */
		960562D52CFBA3EC003A523B /* Build configuration list for PBXProject "Smokejourney" */ = {
			isa = XCConfigurationList;
			buildConfigurations = (
				960562FE2CFBA3EF003A523B /* Debug */,
				960562FF2CFBA3EF003A523B /* Release */,
			);
			defaultConfigurationIsVisible = 0;
			defaultConfigurationName = Release;
		};
		960563002CFBA3EF003A523B /* Build configuration list for PBXNativeTarget "Smokejourney" */ = {
			isa = XCConfigurationList;
			buildConfigurations = (
				960563012CFBA3EF003A523B /* Debug */,
				960563022CFBA3EF003A523B /* Release */,
			);
			defaultConfigurationIsVisible = 0;
			defaultConfigurationName = Release;
		};
		960563032CFBA3EF003A523B /* Build configuration list for PBXNativeTarget "SmokejourneyTests" */ = {
			isa = XCConfigurationList;
			buildConfigurations = (
				960563042CFBA3EF003A523B /* Debug */,
				960563052CFBA3EF003A523B /* Release */,
			);
			defaultConfigurationIsVisible = 0;
			defaultConfigurationName = Release;
		};
		960563062CFBA3EF003A523B /* Build configuration list for PBXNativeTarget "SmokejourneyUITests" */ = {
			isa = XCConfigurationList;
			buildConfigurations = (
				960563072CFBA3EF003A523B /* Debug */,
				960563082CFBA3EF003A523B /* Release */,
			);
			defaultConfigurationIsVisible = 0;
			defaultConfigurationName = Release;
		};
/* End XCConfigurationList section */
	};
	rootObject = 960562D22CFBA3EC003A523B /* Project object */;
}
